// !$*UTF8*$!
{
	archiveVersion = 1;
	classes = {
	};
	objectVersion = 46;
	objects = {

/* Begin PBXBuildFile section */
		0EF8C50E6720C43E411E8765 /* libPods-DriverJudge.a in Frameworks */ = {isa = PBXBuildFile; fileRef = 27C31114ED3401F73F8518D3 /* libPods-DriverJudge.a */; };
		28298A471CBAA8690013ED7B /* Constants.m in Sources */ = {isa = PBXBuildFile; fileRef = 28298A461CBAA8690013ED7B /* Constants.m */; };
		2834CE9A1C7E7B6F00B02B40 /* libGPUImage.a in Frameworks */ = {isa = PBXBuildFile; fileRef = 2834CE991C7E7B6F00B02B40 /* libGPUImage.a */; };
		28684D921C77E756002B0749 /* main.m in Sources */ = {isa = PBXBuildFile; fileRef = 28684D911C77E756002B0749 /* main.m */; };
		28684D951C77E756002B0749 /* AppDelegate.m in Sources */ = {isa = PBXBuildFile; fileRef = 28684D941C77E756002B0749 /* AppDelegate.m */; };
		28684D9D1C77E756002B0749 /* Assets.xcassets in Resources */ = {isa = PBXBuildFile; fileRef = 28684D9C1C77E756002B0749 /* Assets.xcassets */; };
		28684DA01C77E756002B0749 /* LaunchScreen.storyboard in Resources */ = {isa = PBXBuildFile; fileRef = 28684D9E1C77E756002B0749 /* LaunchScreen.storyboard */; };
		28684DAC1C77E80F002B0749 /* CameraViewController.m in Sources */ = {isa = PBXBuildFile; fileRef = 28684DAB1C77E80F002B0749 /* CameraViewController.m */; };
		2869A26E1CEDC300008EF6BD /* CoreFoundation.framework in Frameworks */ = {isa = PBXBuildFile; fileRef = 2869A26D1CEDC300008EF6BD /* CoreFoundation.framework */; };
		28782F831CFC354900976FB7 /* opencv2.framework in Frameworks */ = {isa = PBXBuildFile; fileRef = 28782F821CFC354900976FB7 /* opencv2.framework */; };
		28782F851CFC36E400976FB7 /* AssetsLibrary.framework in Frameworks */ = {isa = PBXBuildFile; fileRef = 28782F841CFC36E400976FB7 /* AssetsLibrary.framework */; };
		28782F8A1CFC3DAD00976FB7 /* libc++.tbd in Frameworks */ = {isa = PBXBuildFile; fileRef = 28782F891CFC3DAD00976FB7 /* libc++.tbd */; };
		28782F8D1CFC3E9D00976FB7 /* CVSquaresWrapper.mm in Sources */ = {isa = PBXBuildFile; fileRef = 28782F8C1CFC3E9D00976FB7 /* CVSquaresWrapper.mm */; };
		28782F901CFC40B700976FB7 /* CVSquares.cpp in Sources */ = {isa = PBXBuildFile; fileRef = 28782F8E1CFC40B700976FB7 /* CVSquares.cpp */; };
		28782F951CFC4D2200976FB7 /* UIImage+OpenCV.mm in Sources */ = {isa = PBXBuildFile; fileRef = 28782F941CFC4D2200976FB7 /* UIImage+OpenCV.mm */; };
		2888F5D31C8C210C003A0429 /* UIImage+Binarization.m in Sources */ = {isa = PBXBuildFile; fileRef = 2888F5D21C8C210C003A0429 /* UIImage+Binarization.m */; };
		2888F5D71C957A89003A0429 /* ConnectionService.m in Sources */ = {isa = PBXBuildFile; fileRef = 2888F5D61C957A89003A0429 /* ConnectionService.m */; };
		2888F5DA1C957AA0003A0429 /* LicensePlate.m in Sources */ = {isa = PBXBuildFile; fileRef = 2888F5D91C957AA0003A0429 /* LicensePlate.m */; };
		289281181CA957500004012C /* Main.storyboard in Resources */ = {isa = PBXBuildFile; fileRef = 289281171CA957500004012C /* Main.storyboard */; };
		28AB327A1C7A56B000BECA63 /* JudgerComponent.xib in Resources */ = {isa = PBXBuildFile; fileRef = 28AB32791C7A56B000BECA63 /* JudgerComponent.xib */; };
		28C3A4281CDC9CA500273F8F /* Judgement.m in Sources */ = {isa = PBXBuildFile; fileRef = 28C3A4271CDC9CA500273F8F /* Judgement.m */; };
		28C3A42D1CE5196300273F8F /* libCocoaAsyncSocket.a in Frameworks */ = {isa = PBXBuildFile; fileRef = 28C3A42C1CE5196300273F8F /* libCocoaAsyncSocket.a */; };
		28D709161CBED31D008E32A8 /* SimplePing.m in Sources */ = {isa = PBXBuildFile; fileRef = 28D709151CBED31D008E32A8 /* SimplePing.m */; };
		28DB3E4B1CCFD6CE004EA9C1 /* Line.m in Sources */ = {isa = PBXBuildFile; fileRef = 28DB3E4A1CCFD6CE004EA9C1 /* Line.m */; };
		28DC7F081CB0018B003D364E /* libAFNetworking.a in Frameworks */ = {isa = PBXBuildFile; fileRef = 28DC7F071CB0018B003D364E /* libAFNetworking.a */; };
/* End PBXBuildFile section */

/* Begin PBXFileReference section */
		00844D0F1C032D9CB11988D3 /* Pods-DriverJudge.debug.xcconfig */ = {isa = PBXFileReference; includeInIndex = 1; lastKnownFileType = text.xcconfig; name = "Pods-DriverJudge.debug.xcconfig"; path = "Pods/Target Support Files/Pods-DriverJudge/Pods-DriverJudge.debug.xcconfig"; sourceTree = "<group>"; };
		27C31114ED3401F73F8518D3 /* libPods-DriverJudge.a */ = {isa = PBXFileReference; explicitFileType = archive.ar; includeInIndex = 0; path = "libPods-DriverJudge.a"; sourceTree = BUILT_PRODUCTS_DIR; };
		28298A451CBAA8690013ED7B /* Constants.h */ = {isa = PBXFileReference; fileEncoding = 4; lastKnownFileType = sourcecode.c.h; path = Constants.h; sourceTree = "<group>"; };
		28298A461CBAA8690013ED7B /* Constants.m */ = {isa = PBXFileReference; fileEncoding = 4; lastKnownFileType = sourcecode.c.objc; path = Constants.m; sourceTree = "<group>"; };
		2834CE991C7E7B6F00B02B40 /* libGPUImage.a */ = {isa = PBXFileReference; lastKnownFileType = archive.ar; name = libGPUImage.a; path = "Pods/../build/Debug-iphoneos/libGPUImage.a"; sourceTree = "<group>"; };
		28684D8D1C77E756002B0749 /* DriverJudge.app */ = {isa = PBXFileReference; explicitFileType = wrapper.application; includeInIndex = 0; path = DriverJudge.app; sourceTree = BUILT_PRODUCTS_DIR; };
		28684D911C77E756002B0749 /* main.m */ = {isa = PBXFileReference; lastKnownFileType = sourcecode.c.objc; path = main.m; sourceTree = "<group>"; };
		28684D931C77E756002B0749 /* AppDelegate.h */ = {isa = PBXFileReference; lastKnownFileType = sourcecode.c.h; path = AppDelegate.h; sourceTree = "<group>"; };
		28684D941C77E756002B0749 /* AppDelegate.m */ = {isa = PBXFileReference; lastKnownFileType = sourcecode.c.objc; path = AppDelegate.m; sourceTree = "<group>"; };
		28684D9C1C77E756002B0749 /* Assets.xcassets */ = {isa = PBXFileReference; lastKnownFileType = folder.assetcatalog; path = Assets.xcassets; sourceTree = "<group>"; };
		28684D9F1C77E756002B0749 /* Base */ = {isa = PBXFileReference; lastKnownFileType = file.storyboard; name = Base; path = Base.lproj/LaunchScreen.storyboard; sourceTree = "<group>"; };
		28684DA11C77E756002B0749 /* Info.plist */ = {isa = PBXFileReference; lastKnownFileType = text.plist.xml; path = Info.plist; sourceTree = "<group>"; };
		28684DAA1C77E80F002B0749 /* CameraViewController.h */ = {isa = PBXFileReference; fileEncoding = 4; lastKnownFileType = sourcecode.c.h; path = CameraViewController.h; sourceTree = "<group>"; };
		28684DAB1C77E80F002B0749 /* CameraViewController.m */ = {isa = PBXFileReference; fileEncoding = 4; lastKnownFileType = sourcecode.c.objc; path = CameraViewController.m; sourceTree = "<group>"; };
		2869A26D1CEDC300008EF6BD /* CoreFoundation.framework */ = {isa = PBXFileReference; lastKnownFileType = wrapper.framework; name = CoreFoundation.framework; path = System/Library/Frameworks/CoreFoundation.framework; sourceTree = SDKROOT; };
		28782F821CFC354900976FB7 /* opencv2.framework */ = {isa = PBXFileReference; lastKnownFileType = wrapper.framework; name = opencv2.framework; path = Pods/OpenCV/opencv2.framework; sourceTree = "<group>"; };
		28782F841CFC36E400976FB7 /* AssetsLibrary.framework */ = {isa = PBXFileReference; lastKnownFileType = wrapper.framework; name = AssetsLibrary.framework; path = System/Library/Frameworks/AssetsLibrary.framework; sourceTree = SDKROOT; };
		28782F891CFC3DAD00976FB7 /* libc++.tbd */ = {isa = PBXFileReference; lastKnownFileType = "sourcecode.text-based-dylib-definition"; name = "libc++.tbd"; path = "usr/lib/libc++.tbd"; sourceTree = SDKROOT; };
		28782F8B1CFC3E9D00976FB7 /* CVSquaresWrapper.h */ = {isa = PBXFileReference; fileEncoding = 4; lastKnownFileType = sourcecode.c.h; path = CVSquaresWrapper.h; sourceTree = "<group>"; };
		28782F8C1CFC3E9D00976FB7 /* CVSquaresWrapper.mm */ = {isa = PBXFileReference; fileEncoding = 4; lastKnownFileType = sourcecode.cpp.objcpp; path = CVSquaresWrapper.mm; sourceTree = "<group>"; };
		28782F8E1CFC40B700976FB7 /* CVSquares.cpp */ = {isa = PBXFileReference; fileEncoding = 4; lastKnownFileType = sourcecode.cpp.cpp; path = CVSquares.cpp; sourceTree = "<group>"; };
		28782F8F1CFC40B700976FB7 /* CVSquares.h */ = {isa = PBXFileReference; fileEncoding = 4; lastKnownFileType = sourcecode.c.h; path = CVSquares.h; sourceTree = "<group>"; };
		28782F911CFC426900976FB7 /* UIImage+OpenCV.h */ = {isa = PBXFileReference; fileEncoding = 4; lastKnownFileType = sourcecode.c.h; path = "UIImage+OpenCV.h"; sourceTree = "<group>"; };
		28782F941CFC4D2200976FB7 /* UIImage+OpenCV.mm */ = {isa = PBXFileReference; fileEncoding = 4; lastKnownFileType = sourcecode.cpp.objcpp; path = "UIImage+OpenCV.mm"; sourceTree = "<group>"; };
		2888F5D11C8C210C003A0429 /* UIImage+Binarization.h */ = {isa = PBXFileReference; fileEncoding = 4; lastKnownFileType = sourcecode.c.h; path = "UIImage+Binarization.h"; sourceTree = "<group>"; };
		2888F5D21C8C210C003A0429 /* UIImage+Binarization.m */ = {isa = PBXFileReference; fileEncoding = 4; lastKnownFileType = sourcecode.c.objc; path = "UIImage+Binarization.m"; sourceTree = "<group>"; };
		2888F5D51C957A89003A0429 /* ConnectionService.h */ = {isa = PBXFileReference; fileEncoding = 4; lastKnownFileType = sourcecode.c.h; path = ConnectionService.h; sourceTree = "<group>"; };
		2888F5D61C957A89003A0429 /* ConnectionService.m */ = {isa = PBXFileReference; fileEncoding = 4; lastKnownFileType = sourcecode.c.objc; path = ConnectionService.m; sourceTree = "<group>"; };
		2888F5D81C957AA0003A0429 /* LicensePlate.h */ = {isa = PBXFileReference; fileEncoding = 4; lastKnownFileType = sourcecode.c.h; path = LicensePlate.h; sourceTree = "<group>"; };
		2888F5D91C957AA0003A0429 /* LicensePlate.m */ = {isa = PBXFileReference; fileEncoding = 4; lastKnownFileType = sourcecode.c.objc; path = LicensePlate.m; sourceTree = "<group>"; };
		289281171CA957500004012C /* Main.storyboard */ = {isa = PBXFileReference; fileEncoding = 4; lastKnownFileType = file.storyboard; path = Main.storyboard; sourceTree = "<group>"; };
		28A89D5E1CB58FD4004164DD /* libz.1.dylib */ = {isa = PBXFileReference; lastKnownFileType = "compiled.mach-o.dylib"; name = libz.1.dylib; path = ../../../../usr/lib/libz.1.dylib; sourceTree = "<group>"; };
		28A89D601CB59008004164DD /* libz.tbd */ = {isa = PBXFileReference; lastKnownFileType = "sourcecode.text-based-dylib-definition"; name = libz.tbd; path = usr/lib/libz.tbd; sourceTree = SDKROOT; };
		28AB32791C7A56B000BECA63 /* JudgerComponent.xib */ = {isa = PBXFileReference; fileEncoding = 4; lastKnownFileType = file.xib; path = JudgerComponent.xib; sourceTree = "<group>"; };
		28B3B0331CB437050033B86D /* libTesseractOCRiOS.a */ = {isa = PBXFileReference; lastKnownFileType = archive.ar; name = libTesseractOCRiOS.a; path = "Pods/../build/Debug-iphoneos/libTesseractOCRiOS.a"; sourceTree = "<group>"; };
		28C3A4261CDC9CA500273F8F /* Judgement.h */ = {isa = PBXFileReference; fileEncoding = 4; lastKnownFileType = sourcecode.c.h; path = Judgement.h; sourceTree = "<group>"; };
		28C3A4271CDC9CA500273F8F /* Judgement.m */ = {isa = PBXFileReference; fileEncoding = 4; lastKnownFileType = sourcecode.c.objc; path = Judgement.m; sourceTree = "<group>"; };
		28C3A42C1CE5196300273F8F /* libCocoaAsyncSocket.a */ = {isa = PBXFileReference; lastKnownFileType = archive.ar; name = libCocoaAsyncSocket.a; path = "Pods/../build/Debug-iphoneos/libCocoaAsyncSocket.a"; sourceTree = "<group>"; };
		28D709141CBED31D008E32A8 /* SimplePing.h */ = {isa = PBXFileReference; fileEncoding = 4; lastKnownFileType = sourcecode.c.h; path = SimplePing.h; sourceTree = "<group>"; };
		28D709151CBED31D008E32A8 /* SimplePing.m */ = {isa = PBXFileReference; fileEncoding = 4; lastKnownFileType = sourcecode.c.objc; path = SimplePing.m; sourceTree = "<group>"; };
		28DB3E491CCFD6CE004EA9C1 /* Line.h */ = {isa = PBXFileReference; fileEncoding = 4; lastKnownFileType = sourcecode.c.h; path = Line.h; sourceTree = "<group>"; };
		28DB3E4A1CCFD6CE004EA9C1 /* Line.m */ = {isa = PBXFileReference; fileEncoding = 4; lastKnownFileType = sourcecode.c.objc; path = Line.m; sourceTree = "<group>"; };
		28DC7F071CB0018B003D364E /* libAFNetworking.a */ = {isa = PBXFileReference; lastKnownFileType = archive.ar; name = libAFNetworking.a; path = "Pods/../build/Debug-iphoneos/libAFNetworking.a"; sourceTree = "<group>"; };
		8BF66998B5E216D1AEDF4DFB /* Pods-DriverJudge.release.xcconfig */ = {isa = PBXFileReference; includeInIndex = 1; lastKnownFileType = text.xcconfig; name = "Pods-DriverJudge.release.xcconfig"; path = "Pods/Target Support Files/Pods-DriverJudge/Pods-DriverJudge.release.xcconfig"; sourceTree = "<group>"; };
/* End PBXFileReference section */

/* Begin PBXFrameworksBuildPhase section */
		28684D8A1C77E756002B0749 /* Frameworks */ = {
			isa = PBXFrameworksBuildPhase;
			buildActionMask = 2147483647;
			files = (
				28782F8A1CFC3DAD00976FB7 /* libc++.tbd in Frameworks */,
				28782F851CFC36E400976FB7 /* AssetsLibrary.framework in Frameworks */,
				28782F831CFC354900976FB7 /* opencv2.framework in Frameworks */,
				2869A26E1CEDC300008EF6BD /* CoreFoundation.framework in Frameworks */,
				28C3A42D1CE5196300273F8F /* libCocoaAsyncSocket.a in Frameworks */,
				28DC7F081CB0018B003D364E /* libAFNetworking.a in Frameworks */,
				2834CE9A1C7E7B6F00B02B40 /* libGPUImage.a in Frameworks */,
				0EF8C50E6720C43E411E8765 /* libPods-DriverJudge.a in Frameworks */,
			);
			runOnlyForDeploymentPostprocessing = 0;
		};
/* End PBXFrameworksBuildPhase section */

/* Begin PBXGroup section */
		2813D2CD1C7E75F000E39BC1 /* Categories */ = {
			isa = PBXGroup;
			children = (
				2888F5D11C8C210C003A0429 /* UIImage+Binarization.h */,
				2888F5D21C8C210C003A0429 /* UIImage+Binarization.m */,
				28782F911CFC426900976FB7 /* UIImage+OpenCV.h */,
				28782F941CFC4D2200976FB7 /* UIImage+OpenCV.mm */,
			);
			name = Categories;
			sourceTree = "<group>";
		};
		28684D841C77E756002B0749 = {
			isa = PBXGroup;
			children = (
				28684D8F1C77E756002B0749 /* DriverJudge */,
				28684D8E1C77E756002B0749 /* Products */,
				2E51D2E5B2487D9993476BE3 /* Pods */,
				D2B4D2089FCDE91B4ADEAB0B /* Frameworks */,
			);
			sourceTree = "<group>";
		};
		28684D8E1C77E756002B0749 /* Products */ = {
			isa = PBXGroup;
			children = (
				28684D8D1C77E756002B0749 /* DriverJudge.app */,
			);
			name = Products;
			sourceTree = "<group>";
		};
		28684D8F1C77E756002B0749 /* DriverJudge */ = {
			isa = PBXGroup;
			children = (
				28684D931C77E756002B0749 /* AppDelegate.h */,
				28684D941C77E756002B0749 /* AppDelegate.m */,
				289281171CA957500004012C /* Main.storyboard */,
				28AB32791C7A56B000BECA63 /* JudgerComponent.xib */,
				2888F5D41C957A53003A0429 /* NetworkService */,
				2813D2CD1C7E75F000E39BC1 /* Categories */,
				28D3E6E11C7D025B0011811C /* ViewControllers */,
				28C3A4291CDE95D300273F8F /* Models */,
				28684D901C77E756002B0749 /* Supporting Files */,
			);
			path = DriverJudge;
			sourceTree = "<group>";
		};
		28684D901C77E756002B0749 /* Supporting Files */ = {
			isa = PBXGroup;
			children = (
				28684D9C1C77E756002B0749 /* Assets.xcassets */,
				28684D911C77E756002B0749 /* main.m */,
				28684D9E1C77E756002B0749 /* LaunchScreen.storyboard */,
				28684DA11C77E756002B0749 /* Info.plist */,
				28298A451CBAA8690013ED7B /* Constants.h */,
				28298A461CBAA8690013ED7B /* Constants.m */,
				28D709141CBED31D008E32A8 /* SimplePing.h */,
				28D709151CBED31D008E32A8 /* SimplePing.m */,
			);
			name = "Supporting Files";
			sourceTree = "<group>";
		};
		2888F5D41C957A53003A0429 /* NetworkService */ = {
			isa = PBXGroup;
			children = (
				2888F5D51C957A89003A0429 /* ConnectionService.h */,
				2888F5D61C957A89003A0429 /* ConnectionService.m */,
			);
			name = NetworkService;
			sourceTree = "<group>";
		};
		28C3A4291CDE95D300273F8F /* Models */ = {
			isa = PBXGroup;
			children = (
				2888F5D81C957AA0003A0429 /* LicensePlate.h */,
				2888F5D91C957AA0003A0429 /* LicensePlate.m */,
				28DB3E491CCFD6CE004EA9C1 /* Line.h */,
				28DB3E4A1CCFD6CE004EA9C1 /* Line.m */,
				28C3A4261CDC9CA500273F8F /* Judgement.h */,
				28C3A4271CDC9CA500273F8F /* Judgement.m */,
				28782F8B1CFC3E9D00976FB7 /* CVSquaresWrapper.h */,
				28782F8C1CFC3E9D00976FB7 /* CVSquaresWrapper.mm */,
				28782F8F1CFC40B700976FB7 /* CVSquares.h */,
				28782F8E1CFC40B700976FB7 /* CVSquares.cpp */,
			);
			name = Models;
			sourceTree = "<group>";
		};
		28D3E6E11C7D025B0011811C /* ViewControllers */ = {
			isa = PBXGroup;
			children = (
				28684DAA1C77E80F002B0749 /* CameraViewController.h */,
				28684DAB1C77E80F002B0749 /* CameraViewController.m */,
			);
			name = ViewControllers;
			sourceTree = "<group>";
		};
		2E51D2E5B2487D9993476BE3 /* Pods */ = {
			isa = PBXGroup;
			children = (
				00844D0F1C032D9CB11988D3 /* Pods-DriverJudge.debug.xcconfig */,
				8BF66998B5E216D1AEDF4DFB /* Pods-DriverJudge.release.xcconfig */,
			);
			name = Pods;
			sourceTree = "<group>";
		};
		D2B4D2089FCDE91B4ADEAB0B /* Frameworks */ = {
			isa = PBXGroup;
			children = (
				28782F891CFC3DAD00976FB7 /* libc++.tbd */,
				28782F841CFC36E400976FB7 /* AssetsLibrary.framework */,
				28782F821CFC354900976FB7 /* opencv2.framework */,
				2869A26D1CEDC300008EF6BD /* CoreFoundation.framework */,
				28C3A42C1CE5196300273F8F /* libCocoaAsyncSocket.a */,
				28A89D601CB59008004164DD /* libz.tbd */,
				28A89D5E1CB58FD4004164DD /* libz.1.dylib */,
				28B3B0331CB437050033B86D /* libTesseractOCRiOS.a */,
				28DC7F071CB0018B003D364E /* libAFNetworking.a */,
				2834CE991C7E7B6F00B02B40 /* libGPUImage.a */,
				27C31114ED3401F73F8518D3 /* libPods-DriverJudge.a */,
			);
			name = Frameworks;
			sourceTree = "<group>";
		};
/* End PBXGroup section */

/* Begin PBXNativeTarget section */
		28684D8C1C77E756002B0749 /* DriverJudge */ = {
			isa = PBXNativeTarget;
			buildConfigurationList = 28684DA41C77E756002B0749 /* Build configuration list for PBXNativeTarget "DriverJudge" */;
			buildPhases = (
				2E51A8C9F3932B78A88CD2D0 /* Check Pods Manifest.lock */,
				28684D891C77E756002B0749 /* Sources */,
				28684D8A1C77E756002B0749 /* Frameworks */,
				28684D8B1C77E756002B0749 /* Resources */,
				8EED601546EAFA79C364DDBB /* Embed Pods Frameworks */,
				EB4954DB776734F5C25D730C /* Copy Pods Resources */,
			);
			buildRules = (
			);
			dependencies = (
			);
			name = DriverJudge;
			productName = DriverJudge;
			productReference = 28684D8D1C77E756002B0749 /* DriverJudge.app */;
			productType = "com.apple.product-type.application";
		};
/* End PBXNativeTarget section */

/* Begin PBXProject section */
		28684D851C77E756002B0749 /* Project object */ = {
			isa = PBXProject;
			attributes = {
				KnownAssetTags = (
					CameraView,
				);
				LastUpgradeCheck = 0720;
				ORGANIZATIONNAME = Aleksander;
				TargetAttributes = {
					28684D8C1C77E756002B0749 = {
						CreatedOnToolsVersion = 7.2;
						DevelopmentTeam = 4PMQN4TY5K;
					};
				};
			};
			buildConfigurationList = 28684D881C77E756002B0749 /* Build configuration list for PBXProject "DriverJudge" */;
			compatibilityVersion = "Xcode 3.2";
			developmentRegion = English;
			hasScannedForEncodings = 0;
			knownRegions = (
				en,
				Base,
			);
			mainGroup = 28684D841C77E756002B0749;
			productRefGroup = 28684D8E1C77E756002B0749 /* Products */;
			projectDirPath = "";
			projectRoot = "";
			targets = (
				28684D8C1C77E756002B0749 /* DriverJudge */,
			);
		};
/* End PBXProject section */

/* Begin PBXResourcesBuildPhase section */
		28684D8B1C77E756002B0749 /* Resources */ = {
			isa = PBXResourcesBuildPhase;
			buildActionMask = 2147483647;
			files = (
				28AB327A1C7A56B000BECA63 /* JudgerComponent.xib in Resources */,
				289281181CA957500004012C /* Main.storyboard in Resources */,
				28684DA01C77E756002B0749 /* LaunchScreen.storyboard in Resources */,
				28684D9D1C77E756002B0749 /* Assets.xcassets in Resources */,
			);
			runOnlyForDeploymentPostprocessing = 0;
		};
/* End PBXResourcesBuildPhase section */

/* Begin PBXShellScriptBuildPhase section */
		2E51A8C9F3932B78A88CD2D0 /* Check Pods Manifest.lock */ = {
			isa = PBXShellScriptBuildPhase;
			buildActionMask = 2147483647;
			files = (
			);
			inputPaths = (
			);
			name = "Check Pods Manifest.lock";
			outputPaths = (
			);
			runOnlyForDeploymentPostprocessing = 0;
			shellPath = /bin/sh;
			shellScript = "diff \"${PODS_ROOT}/../Podfile.lock\" \"${PODS_ROOT}/Manifest.lock\" > /dev/null\nif [[ $? != 0 ]] ; then\n    cat << EOM\nerror: The sandbox is not in sync with the Podfile.lock. Run 'pod install' or update your CocoaPods installation.\nEOM\n    exit 1\nfi\n";
			showEnvVarsInLog = 0;
		};
		8EED601546EAFA79C364DDBB /* Embed Pods Frameworks */ = {
			isa = PBXShellScriptBuildPhase;
			buildActionMask = 2147483647;
			files = (
			);
			inputPaths = (
			);
			name = "Embed Pods Frameworks";
			outputPaths = (
			);
			runOnlyForDeploymentPostprocessing = 0;
			shellPath = /bin/sh;
			shellScript = "\"${SRCROOT}/Pods/Target Support Files/Pods-DriverJudge/Pods-DriverJudge-frameworks.sh\"\n";
			showEnvVarsInLog = 0;
		};
		EB4954DB776734F5C25D730C /* Copy Pods Resources */ = {
			isa = PBXShellScriptBuildPhase;
			buildActionMask = 2147483647;
			files = (
			);
			inputPaths = (
			);
			name = "Copy Pods Resources";
			outputPaths = (
			);
			runOnlyForDeploymentPostprocessing = 0;
			shellPath = /bin/sh;
			shellScript = "\"${SRCROOT}/Pods/Target Support Files/Pods-DriverJudge/Pods-DriverJudge-resources.sh\"\n";
			showEnvVarsInLog = 0;
		};
/* End PBXShellScriptBuildPhase section */

/* Begin PBXSourcesBuildPhase section */
		28684D891C77E756002B0749 /* Sources */ = {
			isa = PBXSourcesBuildPhase;
			buildActionMask = 2147483647;
			files = (
				28782F901CFC40B700976FB7 /* CVSquares.cpp in Sources */,
				28782F951CFC4D2200976FB7 /* UIImage+OpenCV.mm in Sources */,
				28DB3E4B1CCFD6CE004EA9C1 /* Line.m in Sources */,
				28298A471CBAA8690013ED7B /* Constants.m in Sources */,
				28684D921C77E756002B0749 /* main.m in Sources */,
				28782F8D1CFC3E9D00976FB7 /* CVSquaresWrapper.mm in Sources */,
				2888F5D71C957A89003A0429 /* ConnectionService.m in Sources */,
				28D709161CBED31D008E32A8 /* SimplePing.m in Sources */,
				28C3A4281CDC9CA500273F8F /* Judgement.m in Sources */,
				28684D951C77E756002B0749 /* AppDelegate.m in Sources */,
				2888F5D31C8C210C003A0429 /* UIImage+Binarization.m in Sources */,
				28684DAC1C77E80F002B0749 /* CameraViewController.m in Sources */,
				2888F5DA1C957AA0003A0429 /* LicensePlate.m in Sources */,
			);
			runOnlyForDeploymentPostprocessing = 0;
		};
/* End PBXSourcesBuildPhase section */

/* Begin PBXVariantGroup section */
		28684D9E1C77E756002B0749 /* LaunchScreen.storyboard */ = {
			isa = PBXVariantGroup;
			children = (
				28684D9F1C77E756002B0749 /* Base */,
			);
			name = LaunchScreen.storyboard;
			sourceTree = "<group>";
		};
/* End PBXVariantGroup section */

/* Begin XCBuildConfiguration section */
		28684DA21C77E756002B0749 /* Debug */ = {
			isa = XCBuildConfiguration;
			buildSettings = {
				ALWAYS_SEARCH_USER_PATHS = NO;
				CLANG_CXX_LANGUAGE_STANDARD = "gnu++0x";
				CLANG_CXX_LIBRARY = "libstdc++";
				CLANG_ENABLE_MODULES = YES;
				CLANG_ENABLE_OBJC_ARC = YES;
				CLANG_WARN_BOOL_CONVERSION = YES;
				CLANG_WARN_CONSTANT_CONVERSION = YES;
				CLANG_WARN_DIRECT_OBJC_ISA_USAGE = YES_ERROR;
				CLANG_WARN_EMPTY_BODY = YES;
				CLANG_WARN_ENUM_CONVERSION = YES;
				CLANG_WARN_INT_CONVERSION = YES;
				CLANG_WARN_OBJC_ROOT_CLASS = YES_ERROR;
				CLANG_WARN_UNREACHABLE_CODE = YES;
				CLANG_WARN__DUPLICATE_METHOD_MATCH = YES;
				"CODE_SIGN_IDENTITY[sdk=iphoneos*]" = "iPhone Developer";
				COPY_PHASE_STRIP = NO;
				DEBUG_INFORMATION_FORMAT = dwarf;
				ENABLE_BITCODE = NO;
				ENABLE_STRICT_OBJC_MSGSEND = YES;
				ENABLE_TESTABILITY = YES;
				GCC_C_LANGUAGE_STANDARD = gnu99;
				GCC_DYNAMIC_NO_PIC = NO;
				GCC_NO_COMMON_BLOCKS = YES;
				GCC_OPTIMIZATION_LEVEL = 0;
				GCC_PREPROCESSOR_DEFINITIONS = (
					"DEBUG=1",
					"$(inherited)",
				);
				GCC_VERSION = "";
				GCC_WARN_64_TO_32_BIT_CONVERSION = YES;
				GCC_WARN_ABOUT_RETURN_TYPE = YES_ERROR;
				GCC_WARN_UNDECLARED_SELECTOR = YES;
				GCC_WARN_UNINITIALIZED_AUTOS = YES_AGGRESSIVE;
				GCC_WARN_UNUSED_FUNCTION = YES;
				GCC_WARN_UNUSED_VARIABLE = YES;
				IPHONEOS_DEPLOYMENT_TARGET = 7.0;
				MTL_ENABLE_DEBUG_INFO = YES;
				ONLY_ACTIVE_ARCH = YES;
				OTHER_LDFLAGS = "-lstdc++";
				SDKROOT = iphoneos;
				VALID_ARCHS = "arm64 armv7s armv7";
			};
			name = Debug;
		};
		28684DA31C77E756002B0749 /* Release */ = {
			isa = XCBuildConfiguration;
			buildSettings = {
				ALWAYS_SEARCH_USER_PATHS = NO;
				CLANG_CXX_LANGUAGE_STANDARD = "gnu++0x";
				CLANG_CXX_LIBRARY = "libstdc++";
				CLANG_ENABLE_MODULES = YES;
				CLANG_ENABLE_OBJC_ARC = YES;
				CLANG_WARN_BOOL_CONVERSION = YES;
				CLANG_WARN_CONSTANT_CONVERSION = YES;
				CLANG_WARN_DIRECT_OBJC_ISA_USAGE = YES_ERROR;
				CLANG_WARN_EMPTY_BODY = YES;
				CLANG_WARN_ENUM_CONVERSION = YES;
				CLANG_WARN_INT_CONVERSION = YES;
				CLANG_WARN_OBJC_ROOT_CLASS = YES_ERROR;
				CLANG_WARN_UNREACHABLE_CODE = YES;
				CLANG_WARN__DUPLICATE_METHOD_MATCH = YES;
				"CODE_SIGN_IDENTITY[sdk=iphoneos*]" = "iPhone Developer";
				COPY_PHASE_STRIP = NO;
				DEBUG_INFORMATION_FORMAT = "dwarf-with-dsym";
				ENABLE_BITCODE = NO;
				ENABLE_NS_ASSERTIONS = NO;
				ENABLE_STRICT_OBJC_MSGSEND = YES;
				GCC_C_LANGUAGE_STANDARD = gnu99;
				GCC_NO_COMMON_BLOCKS = YES;
				GCC_VERSION = "";
				GCC_WARN_64_TO_32_BIT_CONVERSION = YES;
				GCC_WARN_ABOUT_RETURN_TYPE = YES_ERROR;
				GCC_WARN_UNDECLARED_SELECTOR = YES;
				GCC_WARN_UNINITIALIZED_AUTOS = YES_AGGRESSIVE;
				GCC_WARN_UNUSED_FUNCTION = YES;
				GCC_WARN_UNUSED_VARIABLE = YES;
				IPHONEOS_DEPLOYMENT_TARGET = 7.0;
				MTL_ENABLE_DEBUG_INFO = NO;
				ONLY_ACTIVE_ARCH = NO;
				OTHER_LDFLAGS = "-lstdc++";
				SDKROOT = iphoneos;
				VALIDATE_PRODUCT = YES;
				VALID_ARCHS = "arm64 armv7s armv7";
			};
			name = Release;
		};
		28684DA51C77E756002B0749 /* Debug */ = {
			isa = XCBuildConfiguration;
			baseConfigurationReference = 00844D0F1C032D9CB11988D3 /* Pods-DriverJudge.debug.xcconfig */;
			buildSettings = {
				ALWAYS_SEARCH_USER_PATHS = YES;
				ASSETCATALOG_COMPILER_APPICON_NAME = AppIcon;
				CLANG_ALLOW_NON_MODULAR_INCLUDES_IN_FRAMEWORK_MODULES = YES;
				CLANG_CXX_LANGUAGE_STANDARD = "c++98";
				CLANG_CXX_LIBRARY = "libstdc++";
				ENABLE_BITCODE = NO;
				FRAMEWORK_SEARCH_PATHS = (
					"$(PROJECT_DIR)",
					"$(PROJECT_DIR)/Pods/OpenCV",
				);
				GCC_VERSION = "";
				HEADER_SEARCH_PATHS = "DriverJudge/Framework/*/**";
				INFOPLIST_FILE = DriverJudge/Info.plist;
				IPHONEOS_DEPLOYMENT_TARGET = 7.0;
				LD_RUNPATH_SEARCH_PATHS = "";
				LIBRARY_SEARCH_PATHS = (
					"$(PROJECT_DIR)",
					"$(PROJECT_DIR)/build/Debug-iphoneos",
				);
				OTHER_LDFLAGS = (
					"-ObjC",
					"-fobjc-arc",
					"-lstdc++",
				);
				PRODUCT_BUNDLE_IDENTIFIER = aleksander.DriverJudge;
				PRODUCT_NAME = "$(TARGET_NAME)";
				VALID_ARCHS = "arm64 armv7s";
				"VALID_ARCHS[sdk=*]" = "arm64 armv7s armv7";
			};
			name = Debug;
		};
		28684DA61C77E756002B0749 /* Release */ = {
			isa = XCBuildConfiguration;
			baseConfigurationReference = 8BF66998B5E216D1AEDF4DFB /* Pods-DriverJudge.release.xcconfig */;
			buildSettings = {
				ALWAYS_SEARCH_USER_PATHS = YES;
				ASSETCATALOG_COMPILER_APPICON_NAME = AppIcon;
				CLANG_ALLOW_NON_MODULAR_INCLUDES_IN_FRAMEWORK_MODULES = YES;
				CLANG_CXX_LANGUAGE_STANDARD = "c++98";
				CLANG_CXX_LIBRARY = "libstdc++";
				ENABLE_BITCODE = NO;
				FRAMEWORK_SEARCH_PATHS = (
					"$(PROJECT_DIR)",
					"$(PROJECT_DIR)/Pods/OpenCV",
				);
				GCC_VERSION = "";
				HEADER_SEARCH_PATHS = "DriverJudge/Framework/*/**";
				INFOPLIST_FILE = DriverJudge/Info.plist;
				IPHONEOS_DEPLOYMENT_TARGET = 7.0;
				LD_RUNPATH_SEARCH_PATHS = "";
				LIBRARY_SEARCH_PATHS = (
					"$(PROJECT_DIR)",
					"$(PROJECT_DIR)/build/Debug-iphoneos",
				);
				OTHER_LDFLAGS = (
					"-ObjC",
					"-fobjc-arc",
					"-lstdc++",
				);
				PRODUCT_BUNDLE_IDENTIFIER = aleksander.DriverJudge;
				PRODUCT_NAME = "$(TARGET_NAME)";
				VALID_ARCHS = "arm64 armv7s";
				"VALID_ARCHS[sdk=*]" = "arm64 armv7s armv7";
			};
			name = Release;
		};
/* End XCBuildConfiguration section */

/* Begin XCConfigurationList section */
		28684D881C77E756002B0749 /* Build configuration list for PBXProject "DriverJudge" */ = {
			isa = XCConfigurationList;
			buildConfigurations = (
				28684DA21C77E756002B0749 /* Debug */,
				28684DA31C77E756002B0749 /* Release */,
			);
			defaultConfigurationIsVisible = 0;
			defaultConfigurationName = Release;
		};
		28684DA41C77E756002B0749 /* Build configuration list for PBXNativeTarget "DriverJudge" */ = {
			isa = XCConfigurationList;
			buildConfigurations = (
				28684DA51C77E756002B0749 /* Debug */,
				28684DA61C77E756002B0749 /* Release */,
			);
			defaultConfigurationIsVisible = 0;
			defaultConfigurationName = Release;
		};
/* End XCConfigurationList section */
	};
	rootObject = 28684D851C77E756002B0749 /* Project object */;
}
