// !$*UTF8*$!
{
	archiveVersion = 1;
	classes = {
	};
	objectVersion = 46;
	objects = {

/* Begin PBXBuildFile section */
		28684D921C77E756002B0749 /* main.m in Sources */ = {isa = PBXBuildFile; fileRef = 28684D911C77E756002B0749 /* main.m */; };
		28684D951C77E756002B0749 /* AppDelegate.m in Sources */ = {isa = PBXBuildFile; fileRef = 28684D941C77E756002B0749 /* AppDelegate.m */; };
		28684D9B1C77E756002B0749 /* Main.storyboard in Resources */ = {isa = PBXBuildFile; fileRef = 28684D991C77E756002B0749 /* Main.storyboard */; };
		28684D9D1C77E756002B0749 /* Assets.xcassets in Resources */ = {isa = PBXBuildFile; fileRef = 28684D9C1C77E756002B0749 /* Assets.xcassets */; };
		28684DA01C77E756002B0749 /* LaunchScreen.storyboard in Resources */ = {isa = PBXBuildFile; fileRef = 28684D9E1C77E756002B0749 /* LaunchScreen.storyboard */; };
		28684DA91C77E7F1002B0749 /* LoginViewController.m in Sources */ = {isa = PBXBuildFile; fileRef = 28684DA81C77E7F1002B0749 /* LoginViewController.m */; };
		28684DAC1C77E80F002B0749 /* CameraViewController.m in Sources */ = {isa = PBXBuildFile; fileRef = 28684DAB1C77E80F002B0749 /* CameraViewController.m */; };
		28AB32771C7A38F800BECA63 /* AAPLAppDelegate.m in Sources */ = {isa = PBXBuildFile; fileRef = 28AB32741C7A38F800BECA63 /* AAPLAppDelegate.m */; };
		28AB32781C7A38F800BECA63 /* AAPLPreviewView.m in Sources */ = {isa = PBXBuildFile; fileRef = 28AB32761C7A38F800BECA63 /* AAPLPreviewView.m */; };
		28AB327A1C7A56B000BECA63 /* JudgerComponent.xib in Resources */ = {isa = PBXBuildFile; fileRef = 28AB32791C7A56B000BECA63 /* JudgerComponent.xib */; };
		28AB32801C7A5D8800BECA63 /* JudgerView.m in Sources */ = {isa = PBXBuildFile; fileRef = 28AB327F1C7A5D8800BECA63 /* JudgerView.m */; };
/* End PBXBuildFile section */

/* Begin PBXFileReference section */
		28684D8D1C77E756002B0749 /* DriverJudge.app */ = {isa = PBXFileReference; explicitFileType = wrapper.application; includeInIndex = 0; path = DriverJudge.app; sourceTree = BUILT_PRODUCTS_DIR; };
		28684D911C77E756002B0749 /* main.m */ = {isa = PBXFileReference; lastKnownFileType = sourcecode.c.objc; path = main.m; sourceTree = "<group>"; };
		28684D931C77E756002B0749 /* AppDelegate.h */ = {isa = PBXFileReference; lastKnownFileType = sourcecode.c.h; path = AppDelegate.h; sourceTree = "<group>"; };
		28684D941C77E756002B0749 /* AppDelegate.m */ = {isa = PBXFileReference; lastKnownFileType = sourcecode.c.objc; path = AppDelegate.m; sourceTree = "<group>"; };
		28684D9A1C77E756002B0749 /* Base */ = {isa = PBXFileReference; lastKnownFileType = file.storyboard; name = Base; path = Base.lproj/Main.storyboard; sourceTree = "<group>"; };
		28684D9C1C77E756002B0749 /* Assets.xcassets */ = {isa = PBXFileReference; lastKnownFileType = folder.assetcatalog; path = Assets.xcassets; sourceTree = "<group>"; };
		28684D9F1C77E756002B0749 /* Base */ = {isa = PBXFileReference; lastKnownFileType = file.storyboard; name = Base; path = Base.lproj/LaunchScreen.storyboard; sourceTree = "<group>"; };
		28684DA11C77E756002B0749 /* Info.plist */ = {isa = PBXFileReference; lastKnownFileType = text.plist.xml; path = Info.plist; sourceTree = "<group>"; };
		28684DA71C77E7F1002B0749 /* LoginViewController.h */ = {isa = PBXFileReference; fileEncoding = 4; lastKnownFileType = sourcecode.c.h; path = LoginViewController.h; sourceTree = "<group>"; };
		28684DA81C77E7F1002B0749 /* LoginViewController.m */ = {isa = PBXFileReference; fileEncoding = 4; lastKnownFileType = sourcecode.c.objc; path = LoginViewController.m; sourceTree = "<group>"; };
		28684DAA1C77E80F002B0749 /* CameraViewController.h */ = {isa = PBXFileReference; fileEncoding = 4; lastKnownFileType = sourcecode.c.h; path = CameraViewController.h; sourceTree = "<group>"; };
		28684DAB1C77E80F002B0749 /* CameraViewController.m */ = {isa = PBXFileReference; fileEncoding = 4; lastKnownFileType = sourcecode.c.objc; path = CameraViewController.m; sourceTree = "<group>"; };
		28AB32731C7A38F800BECA63 /* AAPLAppDelegate.h */ = {isa = PBXFileReference; fileEncoding = 4; lastKnownFileType = sourcecode.c.h; path = AAPLAppDelegate.h; sourceTree = "<group>"; };
		28AB32741C7A38F800BECA63 /* AAPLAppDelegate.m */ = {isa = PBXFileReference; fileEncoding = 4; lastKnownFileType = sourcecode.c.objc; path = AAPLAppDelegate.m; sourceTree = "<group>"; };
		28AB32751C7A38F800BECA63 /* AAPLPreviewView.h */ = {isa = PBXFileReference; fileEncoding = 4; lastKnownFileType = sourcecode.c.h; path = AAPLPreviewView.h; sourceTree = "<group>"; };
		28AB32761C7A38F800BECA63 /* AAPLPreviewView.m */ = {isa = PBXFileReference; fileEncoding = 4; lastKnownFileType = sourcecode.c.objc; path = AAPLPreviewView.m; sourceTree = "<group>"; };
		28AB32791C7A56B000BECA63 /* JudgerComponent.xib */ = {isa = PBXFileReference; fileEncoding = 4; lastKnownFileType = file.xib; path = JudgerComponent.xib; sourceTree = "<group>"; };
		28AB327E1C7A5D8800BECA63 /* JudgerView.h */ = {isa = PBXFileReference; fileEncoding = 4; lastKnownFileType = sourcecode.c.h; name = JudgerView.h; path = ../JudgerView.h; sourceTree = "<group>"; };
		28AB327F1C7A5D8800BECA63 /* JudgerView.m */ = {isa = PBXFileReference; fileEncoding = 4; lastKnownFileType = sourcecode.c.objc; name = JudgerView.m; path = ../JudgerView.m; sourceTree = "<group>"; };
/* End PBXFileReference section */

/* Begin PBXFrameworksBuildPhase section */
		28684D8A1C77E756002B0749 /* Frameworks */ = {
			isa = PBXFrameworksBuildPhase;
			buildActionMask = 2147483647;
			files = (
			);
			runOnlyForDeploymentPostprocessing = 0;
		};
/* End PBXFrameworksBuildPhase section */

/* Begin PBXGroup section */
		28684D841C77E756002B0749 = {
			isa = PBXGroup;
			children = (
				28684D8F1C77E756002B0749 /* DriverJudge */,
				28684D8E1C77E756002B0749 /* Products */,
			);
			sourceTree = "<group>";
		};
		28684D8E1C77E756002B0749 /* Products */ = {
			isa = PBXGroup;
			children = (
				28684D8D1C77E756002B0749 /* DriverJudge.app */,
			);
			name = Products;
			sourceTree = "<group>";
		};
		28684D8F1C77E756002B0749 /* DriverJudge */ = {
			isa = PBXGroup;
			children = (
				28684D931C77E756002B0749 /* AppDelegate.h */,
				28684D941C77E756002B0749 /* AppDelegate.m */,
				28AB32731C7A38F800BECA63 /* AAPLAppDelegate.h */,
				28AB32741C7A38F800BECA63 /* AAPLAppDelegate.m */,
				28684D991C77E756002B0749 /* Main.storyboard */,
				28AB32791C7A56B000BECA63 /* JudgerComponent.xib */,
				28D3E6E11C7D025B0011811C /* ViewControllers */,
				28D3E6E21C7D02850011811C /* Views */,
				28684D901C77E756002B0749 /* Supporting Files */,
			);
			path = DriverJudge;
			sourceTree = "<group>";
		};
		28684D901C77E756002B0749 /* Supporting Files */ = {
			isa = PBXGroup;
			children = (
				28684D9C1C77E756002B0749 /* Assets.xcassets */,
				28684D911C77E756002B0749 /* main.m */,
				28684D9E1C77E756002B0749 /* LaunchScreen.storyboard */,
				28684DA11C77E756002B0749 /* Info.plist */,
			);
			name = "Supporting Files";
			sourceTree = "<group>";
		};
		28D3E6E11C7D025B0011811C /* ViewControllers */ = {
			isa = PBXGroup;
			children = (
				28684DA71C77E7F1002B0749 /* LoginViewController.h */,
				28684DA81C77E7F1002B0749 /* LoginViewController.m */,
				28684DAA1C77E80F002B0749 /* CameraViewController.h */,
				28684DAB1C77E80F002B0749 /* CameraViewController.m */,
			);
			name = ViewControllers;
			sourceTree = "<group>";
		};
		28D3E6E21C7D02850011811C /* Views */ = {
			isa = PBXGroup;
			children = (
				28AB327E1C7A5D8800BECA63 /* JudgerView.h */,
				28AB327F1C7A5D8800BECA63 /* JudgerView.m */,
				28AB32751C7A38F800BECA63 /* AAPLPreviewView.h */,
				28AB32761C7A38F800BECA63 /* AAPLPreviewView.m */,
			);
			name = Views;
			sourceTree = "<group>";
		};
/* End PBXGroup section */

/* Begin PBXNativeTarget section */
		28684D8C1C77E756002B0749 /* DriverJudge */ = {
			isa = PBXNativeTarget;
			buildConfigurationList = 28684DA41C77E756002B0749 /* Build configuration list for PBXNativeTarget "DriverJudge" */;
			buildPhases = (
				28684D891C77E756002B0749 /* Sources */,
				28684D8A1C77E756002B0749 /* Frameworks */,
				28684D8B1C77E756002B0749 /* Resources */,
			);
			buildRules = (
			);
			dependencies = (
			);
			name = DriverJudge;
			productName = DriverJudge;
			productReference = 28684D8D1C77E756002B0749 /* DriverJudge.app */;
			productType = "com.apple.product-type.application";
		};
/* End PBXNativeTarget section */

/* Begin PBXProject section */
		28684D851C77E756002B0749 /* Project object */ = {
			isa = PBXProject;
			attributes = {
				LastUpgradeCheck = 0720;
				ORGANIZATIONNAME = Aleksander;
				TargetAttributes = {
					28684D8C1C77E756002B0749 = {
						CreatedOnToolsVersion = 7.2;
						DevelopmentTeam = 4PMQN4TY5K;
					};
				};
			};
			buildConfigurationList = 28684D881C77E756002B0749 /* Build configuration list for PBXProject "DriverJudge" */;
			compatibilityVersion = "Xcode 3.2";
			developmentRegion = English;
			hasScannedForEncodings = 0;
			knownRegions = (
				en,
				Base,
			);
			mainGroup = 28684D841C77E756002B0749;
			productRefGroup = 28684D8E1C77E756002B0749 /* Products */;
			projectDirPath = "";
			projectRoot = "";
			targets = (
				28684D8C1C77E756002B0749 /* DriverJudge */,
			);
		};
/* End PBXProject section */

/* Begin PBXResourcesBuildPhase section */
		28684D8B1C77E756002B0749 /* Resources */ = {
			isa = PBXResourcesBuildPhase;
			buildActionMask = 2147483647;
			files = (
				28AB327A1C7A56B000BECA63 /* JudgerComponent.xib in Resources */,
				28684DA01C77E756002B0749 /* LaunchScreen.storyboard in Resources */,
				28684D9D1C77E756002B0749 /* Assets.xcassets in Resources */,
				28684D9B1C77E756002B0749 /* Main.storyboard in Resources */,
			);
			runOnlyForDeploymentPostprocessing = 0;
		};
/* End PBXResourcesBuildPhase section */

/* Begin PBXSourcesBuildPhase section */
		28684D891C77E756002B0749 /* Sources */ = {
			isa = PBXSourcesBuildPhase;
			buildActionMask = 2147483647;
			files = (
				28684D951C77E756002B0749 /* AppDelegate.m in Sources */,
				28AB32801C7A5D8800BECA63 /* JudgerView.m in Sources */,
				28684DAC1C77E80F002B0749 /* CameraViewController.m in Sources */,
				28684D921C77E756002B0749 /* main.m in Sources */,
				28AB32781C7A38F800BECA63 /* AAPLPreviewView.m in Sources */,
				28AB32771C7A38F800BECA63 /* AAPLAppDelegate.m in Sources */,
				28684DA91C77E7F1002B0749 /* LoginViewController.m in Sources */,
			);
			runOnlyForDeploymentPostprocessing = 0;
		};
/* End PBXSourcesBuildPhase section */

/* Begin PBXVariantGroup section */
		28684D991C77E756002B0749 /* Main.storyboard */ = {
			isa = PBXVariantGroup;
			children = (
				28684D9A1C77E756002B0749 /* Base */,
			);
			name = Main.storyboard;
			sourceTree = "<group>";
		};
		28684D9E1C77E756002B0749 /* LaunchScreen.storyboard */ = {
			isa = PBXVariantGroup;
			children = (
				28684D9F1C77E756002B0749 /* Base */,
			);
			name = LaunchScreen.storyboard;
			sourceTree = "<group>";
		};
/* End PBXVariantGroup section */

/* Begin XCBuildConfiguration section */
		28684DA21C77E756002B0749 /* Debug */ = {
			isa = XCBuildConfiguration;
			buildSettings = {
				ALWAYS_SEARCH_USER_PATHS = NO;
				CLANG_CXX_LANGUAGE_STANDARD = "gnu++0x";
				CLANG_CXX_LIBRARY = "libc++";
				CLANG_ENABLE_MODULES = YES;
				CLANG_ENABLE_OBJC_ARC = YES;
				CLANG_WARN_BOOL_CONVERSION = YES;
				CLANG_WARN_CONSTANT_CONVERSION = YES;
				CLANG_WARN_DIRECT_OBJC_ISA_USAGE = YES_ERROR;
				CLANG_WARN_EMPTY_BODY = YES;
				CLANG_WARN_ENUM_CONVERSION = YES;
				CLANG_WARN_INT_CONVERSION = YES;
				CLANG_WARN_OBJC_ROOT_CLASS = YES_ERROR;
				CLANG_WARN_UNREACHABLE_CODE = YES;
				CLANG_WARN__DUPLICATE_METHOD_MATCH = YES;
				"CODE_SIGN_IDENTITY[sdk=iphoneos*]" = "iPhone Developer";
				COPY_PHASE_STRIP = NO;
				DEBUG_INFORMATION_FORMAT = dwarf;
				ENABLE_STRICT_OBJC_MSGSEND = YES;
				ENABLE_TESTABILITY = YES;
				GCC_C_LANGUAGE_STANDARD = gnu99;
				GCC_DYNAMIC_NO_PIC = NO;
				GCC_NO_COMMON_BLOCKS = YES;
				GCC_OPTIMIZATION_LEVEL = 0;
				GCC_PREPROCESSOR_DEFINITIONS = (
					"DEBUG=1",
					"$(inherited)",
				);
				GCC_WARN_64_TO_32_BIT_CONVERSION = YES;
				GCC_WARN_ABOUT_RETURN_TYPE = YES_ERROR;
				GCC_WARN_UNDECLARED_SELECTOR = YES;
				GCC_WARN_UNINITIALIZED_AUTOS = YES_AGGRESSIVE;
				GCC_WARN_UNUSED_FUNCTION = YES;
				GCC_WARN_UNUSED_VARIABLE = YES;
				IPHONEOS_DEPLOYMENT_TARGET = 9.2;
				MTL_ENABLE_DEBUG_INFO = YES;
				ONLY_ACTIVE_ARCH = YES;
				SDKROOT = iphoneos;
			};
			name = Debug;
		};
		28684DA31C77E756002B0749 /* Release */ = {
			isa = XCBuildConfiguration;
			buildSettings = {
				ALWAYS_SEARCH_USER_PATHS = NO;
				CLANG_CXX_LANGUAGE_STANDARD = "gnu++0x";
				CLANG_CXX_LIBRARY = "libc++";
				CLANG_ENABLE_MODULES = YES;
				CLANG_ENABLE_OBJC_ARC = YES;
				CLANG_WARN_BOOL_CONVERSION = YES;
				CLANG_WARN_CONSTANT_CONVERSION = YES;
				CLANG_WARN_DIRECT_OBJC_ISA_USAGE = YES_ERROR;
				CLANG_WARN_EMPTY_BODY = YES;
				CLANG_WARN_ENUM_CONVERSION = YES;
				CLANG_WARN_INT_CONVERSION = YES;
				CLANG_WARN_OBJC_ROOT_CLASS = YES_ERROR;
				CLANG_WARN_UNREACHABLE_CODE = YES;
				CLANG_WARN__DUPLICATE_METHOD_MATCH = YES;
				"CODE_SIGN_IDENTITY[sdk=iphoneos*]" = "iPhone Developer";
				COPY_PHASE_STRIP = NO;
				DEBUG_INFORMATION_FORMAT = "dwarf-with-dsym";
				ENABLE_NS_ASSERTIONS = NO;
				ENABLE_STRICT_OBJC_MSGSEND = YES;
				GCC_C_LANGUAGE_STANDARD = gnu99;
				GCC_NO_COMMON_BLOCKS = YES;
				GCC_WARN_64_TO_32_BIT_CONVERSION = YES;
				GCC_WARN_ABOUT_RETURN_TYPE = YES_ERROR;
				GCC_WARN_UNDECLARED_SELECTOR = YES;
				GCC_WARN_UNINITIALIZED_AUTOS = YES_AGGRESSIVE;
				GCC_WARN_UNUSED_FUNCTION = YES;
				GCC_WARN_UNUSED_VARIABLE = YES;
				IPHONEOS_DEPLOYMENT_TARGET = 9.2;
				MTL_ENABLE_DEBUG_INFO = NO;
				SDKROOT = iphoneos;
				VALIDATE_PRODUCT = YES;
			};
			name = Release;
		};
		28684DA51C77E756002B0749 /* Debug */ = {
			isa = XCBuildConfiguration;
			buildSettings = {
				ALWAYS_SEARCH_USER_PATHS = YES;
				ASSETCATALOG_COMPILER_APPICON_NAME = AppIcon;
				FRAMEWORK_SEARCH_PATHS = (
					"$(inherited)",
					"$(PROJECT_DIR)",
				);
				HEADER_SEARCH_PATHS = "DriverJudge/GPUImage.xcodeproj/**";
				INFOPLIST_FILE = DriverJudge/Info.plist;
				LD_RUNPATH_SEARCH_PATHS = "$(inherited) @executable_path/Frameworks";
				LIBRARY_SEARCH_PATHS = (
					"$(inherited)",
					"$(PROJECT_DIR)",
				);
				OTHER_LDFLAGS = "-ObjC";
				PRODUCT_BUNDLE_IDENTIFIER = aleksander.DriverJudge;
				PRODUCT_NAME = "$(TARGET_NAME)";
			};
			name = Debug;
		};
		28684DA61C77E756002B0749 /* Release */ = {
			isa = XCBuildConfiguration;
			buildSettings = {
				ALWAYS_SEARCH_USER_PATHS = YES;
				ASSETCATALOG_COMPILER_APPICON_NAME = AppIcon;
				FRAMEWORK_SEARCH_PATHS = (
					"$(inherited)",
					"$(PROJECT_DIR)",
				);
				HEADER_SEARCH_PATHS = "DriverJudge/GPUImage.xcodeproj/**";
				INFOPLIST_FILE = DriverJudge/Info.plist;
				LD_RUNPATH_SEARCH_PATHS = "$(inherited) @executable_path/Frameworks";
				LIBRARY_SEARCH_PATHS = (
					"$(inherited)",
					"$(PROJECT_DIR)",
				);
				OTHER_LDFLAGS = "-ObjC";
				PRODUCT_BUNDLE_IDENTIFIER = aleksander.DriverJudge;
				PRODUCT_NAME = "$(TARGET_NAME)";
			};
			name = Release;
		};
/* End XCBuildConfiguration section */

/* Begin XCConfigurationList section */
		28684D881C77E756002B0749 /* Build configuration list for PBXProject "DriverJudge" */ = {
			isa = XCConfigurationList;
			buildConfigurations = (
				28684DA21C77E756002B0749 /* Debug */,
				28684DA31C77E756002B0749 /* Release */,
			);
			defaultConfigurationIsVisible = 0;
			defaultConfigurationName = Release;
		};
		28684DA41C77E756002B0749 /* Build configuration list for PBXNativeTarget "DriverJudge" */ = {
			isa = XCConfigurationList;
			buildConfigurations = (
				28684DA51C77E756002B0749 /* Debug */,
				28684DA61C77E756002B0749 /* Release */,
			);
			defaultConfigurationIsVisible = 0;
			defaultConfigurationName = Release;
		};
/* End XCConfigurationList section */
	};
	rootObject = 28684D851C77E756002B0749 /* Project object */;
}
